
Microsoft Visual Studio Solution File, Format Version 12.00
Project("{FAE04EC0-301F-11D3-BF4B-00C04F79EFBC}") = "Prime", "Prime\Prime.csproj", "{B56767E1-0D3E-49D9-8534-A9B57AC8D1A9}"
EndProject
Global
	GlobalSection(SolutionConfigurationPlatforms) = preSolution
		Debug|Any CPU = Debug|Any CPU
		Release|Any CPU = Release|Any CPU
	EndGlobalSection
	GlobalSection(ProjectConfigurationPlatforms) = postSolution
		{B56767E1-0D3E-49D9-8534-A9B57AC8D1A9}.Debug|Any CPU.ActiveCfg = Debug|Any CPU
		{B56767E1-0D3E-49D9-8534-A9B57AC8D1A9}.Debug|Any CPU.Build.0 = Debug|Any CPU
		{B56767E1-0D3E-49D9-8534-A9B57AC8D1A9}.Release|Any CPU.ActiveCfg = Release|Any CPU
		{B56767E1-0D3E-49D9-8534-A9B57AC8D1A9}.Release|Any CPU.Build.0 = Release|Any CPU
	EndGlobalSection
EndGlobal
